
Microsoft Visual Studio Solution File, Format Version 12.00
# Visual Studio 2012
Project("{8BC9CEB8-8B4A-11D0-8D11-00A0C91BC942}") = "A5 Geometry Warz", "A5 Geometry Warz\A5 Geometry Warz.vcxproj", "{D7E110E9-4FA0-4E6C-AE16-79D61B802C25}"
EndProject
Global
	GlobalSection(SolutionConfigurationPlatforms) = preSolution
		Debug|Win32 = Debug|Win32
		Release|Win32 = Release|Win32
	EndGlobalSection
	GlobalSection(ProjectConfigurationPlatforms) = postSolution
		{D7E110E9-4FA0-4E6C-AE16-79D61B802C25}.Debug|Win32.ActiveCfg = Debug|Win32
		{D7E110E9-4FA0-4E6C-AE16-79D61B802C25}.Debug|Win32.Build.0 = Debug|Win32
		{D7E110E9-4FA0-4E6C-AE16-79D61B802C25}.Release|Win32.ActiveCfg = Release|Win32
		{D7E110E9-4FA0-4E6C-AE16-79D61B802C25}.Release|Win32.Build.0 = Release|Win32
	EndGlobalSection
	GlobalSection(SolutionProperties) = preSolution
		HideSolutionNode = FALSE
	EndGlobalSection
EndGlobal
